
Microsoft Visual Studio Solution File, Format Version 12.00
# Visual Studio Version 17
VisualStudioVersion = 17.10.34928.147
MinimumVisualStudioVersion = 10.0.40219.1
Project("{FAE04EC0-301F-11D3-BF4B-00C04F79EFBC}") = "OliOS", "OliOS\OliOS.csproj", "{4DC553E0-197A-46CA-A2D0-FFBB1B2CA4B2}"
EndProject
Global
	GlobalSection(SolutionConfigurationPlatforms) = preSolution
		Debug|Any CPU = Debug|Any CPU
		Release|Any CPU = Release|Any CPU
	EndGlobalSection
	GlobalSection(ProjectConfigurationPlatforms) = postSolution
		{4DC553E0-197A-46CA-A2D0-FFBB1B2CA4B2}.Debug|Any CPU.ActiveCfg = Debug|Any CPU
		{4DC553E0-197A-46CA-A2D0-FFBB1B2CA4B2}.Debug|Any CPU.Build.0 = Debug|Any CPU
		{4DC553E0-197A-46CA-A2D0-FFBB1B2CA4B2}.Release|Any CPU.ActiveCfg = Release|Any CPU
		{4DC553E0-197A-46CA-A2D0-FFBB1B2CA4B2}.Release|Any CPU.Build.0 = Release|Any CPU
	EndGlobalSection
	GlobalSection(SolutionProperties) = preSolution
		HideSolutionNode = FALSE
	EndGlobalSection
	GlobalSection(ExtensibilityGlobals) = postSolution
		SolutionGuid = {F31B25F5-F2C4-47E2-826D-7597DE4CDA6E}
	EndGlobalSection
EndGlobal
